{
  "name": "node-chat",
  "version": "1.0.7",
  "lockfileVersion": 1,
  "requires": true,
  "dependencies": {
    "accepts": {
      "version": "1.2.13",
      "resolved": "https://registry.npmjs.org/accepts/-/accepts-1.2.13.tgz",
      "integrity": "sha1-5fHzkoxtlf2WVYw27D2dDeSm7Oo=",
      "requires": {
        "mime-types": "~2.1.6",
        "negotiator": "0.5.3"
      }
    },
    "ansi-regex": {
      "version": "1.1.1",
      "resolved": "https://registry.npmjs.org/ansi-regex/-/ansi-regex-1.1.1.tgz",
      "integrity": "sha1-QchHGUZGN15qGl0Qw8oFTvn8mA0="
    },
    "ansi-styles": {
      "version": "2.2.1",
      "resolved": "https://registry.npmjs.org/ansi-styles/-/ansi-styles-2.2.1.tgz",
      "integrity": "sha1-tDLdM1i2NM914eRmQ2gkBTPB3b4="
    },
    "chalk": {
      "version": "1.0.0",
      "resolved": "https://registry.npmjs.org/chalk/-/chalk-1.0.0.tgz",
      "integrity": "sha1-s89O0P9Tl8mcdbj2edsvUoMfltw=",
      "requires": {
        "ansi-styles": "^2.0.1",
        "escape-string-regexp": "^1.0.2",
        "has-ansi": "^1.0.3",
        "strip-ansi": "^2.0.1",
        "supports-color": "^1.3.0"
      }
    },
    "content-disposition": {
      "version": "0.5.0",
      "resolved": "https://registry.npmjs.org/content-disposition/-/content-disposition-0.5.0.tgz",
      "integrity": "sha1-QoT+auBjCHRjnkToCkGMKTQTXp4="
    },
    "content-type": {
      "version": "1.0.4",
      "resolved": "https://registry.npmjs.org/content-type/-/content-type-1.0.4.tgz",
      "integrity": "sha512-hIP3EEPs8tB9AT1L+NUqtwOAps4mk2Zob89MWXMHjHWg9milF/j4osnnQLXBCBFBk/tvIG/tUc9mOUJiPBhPXA=="
    },
    "cookie": {
      "version": "0.1.2",
      "resolved": "https://registry.npmjs.org/cookie/-/cookie-0.1.2.tgz",
      "integrity": "sha1-cv7D0k5Io0Mgc9kMEmQgBQYQBLE="
    },
    "cookie-signature": {
      "version": "1.0.6",
      "resolved": "https://registry.npmjs.org/cookie-signature/-/cookie-signature-1.0.6.tgz",
      "integrity": "sha1-4wOogrNCzD7oylE6eZmXNNqzriw="
    },
    "crc": {
      "version": "3.2.1",
      "resolved": "https://registry.npmjs.org/crc/-/crc-3.2.1.tgz",
      "integrity": "sha1-XZyPt3okXNXsopHl0tAFM0urAII="
    },
    "debug": {
      "version": "2.1.1",
      "resolved": "https://registry.npmjs.org/debug/-/debug-2.1.1.tgz",
      "integrity": "sha1-4MVIzGB63CK1N1QNw2OcQjb9+Qw=",
      "requires": {
        "ms": "0.6.2"
      }
    },
    "depd": {
      "version": "1.0.1",
      "resolved": "https://registry.npmjs.org/depd/-/depd-1.0.1.tgz",
      "integrity": "sha1-gK7GTJ1tl+ZcwqnKqTwKpqv3Oqo="
    },
    "destroy": {
      "version": "1.0.3",
      "resolved": "https://registry.npmjs.org/destroy/-/destroy-1.0.3.tgz",
      "integrity": "sha1-tDO0ck5x/YVR2YhRdIUcX8N34sk="
    },
    "ee-first": {
      "version": "1.1.0",
      "resolved": "https://registry.npmjs.org/ee-first/-/ee-first-1.1.0.tgz",
      "integrity": "sha1-ag18YiHkkP7v2S7D9EHJzozQl/Q="
    },
    "ejs": {
      "version": "2.3.1",
      "resolved": "https://registry.npmjs.org/ejs/-/ejs-2.3.1.tgz",
      "integrity": "sha1-ppfZisQB4yqZw97tksYMGbYZmn8="
    },
    "escape-html": {
      "version": "1.0.1",
      "resolved": "https://registry.npmjs.org/escape-html/-/escape-html-1.0.1.tgz",
      "integrity": "sha1-GBoobq05ejmpKFfPsdQwUuNWv/A="
    },
    "escape-string-regexp": {
      "version": "1.0.5",
      "resolved": "https://registry.npmjs.org/escape-string-regexp/-/escape-string-regexp-1.0.5.tgz",
      "integrity": "sha1-G2HAViGQqN/2rjuyzwIAyhMLhtQ="
    },
    "etag": {
      "version": "1.5.1",
      "resolved": "https://registry.npmjs.org/etag/-/etag-1.5.1.tgz",
      "integrity": "sha1-VMUN4E7kJpVWKSWsVmWIKRvn6eo=",
      "requires": {
        "crc": "3.2.1"
      }
    },
    "express": {
      "version": "4.12.2",
      "resolved": "https://registry.npmjs.org/express/-/express-4.12.2.tgz",
      "integrity": "sha1-fnKtTBtO3wdTam0eKs7AFh2FZL0=",
      "requires": {
        "accepts": "~1.2.4",
        "content-disposition": "0.5.0",
        "content-type": "~1.0.1",
        "cookie": "0.1.2",
        "cookie-signature": "1.0.6",
        "debug": "~2.1.1",
        "depd": "~1.0.0",
        "escape-html": "1.0.1",
        "etag": "~1.5.1",
        "finalhandler": "0.3.3",
        "fresh": "0.2.4",
        "merge-descriptors": "1.0.0",
        "methods": "~1.1.1",
        "on-finished": "~2.2.0",
        "parseurl": "~1.3.0",
        "path-to-regexp": "0.1.3",
        "proxy-addr": "~1.0.6",
        "qs": "2.3.3",
        "range-parser": "~1.0.2",
        "send": "0.12.1",
        "serve-static": "~1.9.1",
        "type-is": "~1.6.0",
        "utils-merge": "1.0.0",
        "vary": "~1.0.0"
      }
    },
    "faye-websocket": {
      "version": "0.9.4",
      "resolved": "https://registry.npmjs.org/faye-websocket/-/faye-websocket-0.9.4.tgz",
      "integrity": "sha1-iFk0x57/sECVSeDAo4Ae0XpAza0=",
      "requires": {
        "websocket-driver": ">=0.5.1"
      }
    },
    "finalhandler": {
      "version": "0.3.3",
      "resolved": "https://registry.npmjs.org/finalhandler/-/finalhandler-0.3.3.tgz",
      "integrity": "sha1-saCaoeamB7NUFmmwm8tyf0YM1CY=",
      "requires": {
        "debug": "~2.1.1",
        "escape-html": "1.0.1",
        "on-finished": "~2.2.0"
      }
    },
    "forwarded": {
      "version": "0.1.2",
      "resolved": "https://registry.npmjs.org/forwarded/-/forwarded-0.1.2.tgz",
      "integrity": "sha1-mMI9qxF1ZXuMBXPozszZGw/xjIQ="
    },
    "fresh": {
      "version": "0.2.4",
      "resolved": "https://registry.npmjs.org/fresh/-/fresh-0.2.4.tgz",
      "integrity": "sha1-NYJJkgbJcjcUGQ7ddLRgT+tKYUw="
    },
    "get-stdin": {
      "version": "4.0.1",
      "resolved": "https://registry.npmjs.org/get-stdin/-/get-stdin-4.0.1.tgz",
      "integrity": "sha1-uWjGsKBDhDJJAui/Gl3zJXmkUP4="
    },
    "has-ansi": {
      "version": "1.0.3",
      "resolved": "https://registry.npmjs.org/has-ansi/-/has-ansi-1.0.3.tgz",
      "integrity": "sha1-wLWxYV2eOCsP9nFp2We0JeSMpTg=",
      "requires": {
        "ansi-regex": "^1.1.0",
        "get-stdin": "^4.0.1"
      }
    },
    "http-parser-js": {
      "version": "0.4.10",
      "resolved": "https://registry.npmjs.org/http-parser-js/-/http-parser-js-0.4.10.tgz",
      "integrity": "sha1-ksnBN0w1CF912zWexWzCV8u5P6Q="
    },
    "ipaddr.js": {
      "version": "1.0.5",
      "resolved": "https://registry.npmjs.org/ipaddr.js/-/ipaddr.js-1.0.5.tgz",
      "integrity": "sha1-X6eM8wG4JceKvDBC2BJyMEnqI8c="
    },
    "media-typer": {
      "version": "0.3.0",
      "resolved": "https://registry.npmjs.org/media-typer/-/media-typer-0.3.0.tgz",
      "integrity": "sha1-hxDXrwqmJvj/+hzgAWhUUmMlV0g="
    },
    "merge-descriptors": {
      "version": "1.0.0",
      "resolved": "https://registry.npmjs.org/merge-descriptors/-/merge-descriptors-1.0.0.tgz",
      "integrity": "sha1-IWnPdTjhsMyH+4jhUC2EdLv3mGQ="
    },
    "methods": {
      "version": "1.1.2",
      "resolved": "https://registry.npmjs.org/methods/-/methods-1.1.2.tgz",
      "integrity": "sha1-VSmk1nZUE07cxSZmVoNbD4Ua/O4="
    },
    "mime": {
      "version": "1.3.4",
      "resolved": "https://registry.npmjs.org/mime/-/mime-1.3.4.tgz",
      "integrity": "sha1-EV+eO2s9rylZmDyzjxSaLUDrXVM="
    },
    "mime-db": {
      "version": "1.43.0",
      "resolved": "https://registry.npmjs.org/mime-db/-/mime-db-1.43.0.tgz",
      "integrity": "sha512-+5dsGEEovYbT8UY9yD7eE4XTc4UwJ1jBYlgaQQF38ENsKR3wj/8q8RFZrF9WIZpB2V1ArTVFUva8sAul1NzRzQ=="
    },
    "mime-types": {
      "version": "2.1.26",
      "resolved": "https://registry.npmjs.org/mime-types/-/mime-types-2.1.26.tgz",
      "integrity": "sha512-01paPWYgLrkqAyrlDorC1uDwl2p3qZT7yl806vW7DvDoxwXi46jsjFbg+WdwotBIk6/MbEhO/dh5aZ5sNj/dWQ==",
      "requires": {
        "mime-db": "1.43.0"
      }
    },
    "ms": {
      "version": "0.6.2",
      "resolved": "https://registry.npmjs.org/ms/-/ms-0.6.2.tgz",
      "integrity": "sha1-2JwhJMb9wTU9Zai3e/GqxLGTcIw="
    },
    "negotiator": {
      "version": "0.5.3",
      "resolved": "https://registry.npmjs.org/negotiator/-/negotiator-0.5.3.tgz",
      "integrity": "sha1-Jp1cR2gQ7JLtvntsLygxY4T5p+g="
    },
    "node-uuid": {
      "version": "1.4.8",
      "resolved": "https://registry.npmjs.org/node-uuid/-/node-uuid-1.4.8.tgz",
      "integrity": "sha1-sEDrCSOWivq/jTL7HxfxFn/auQc="
    },
    "on-finished": {
      "version": "2.2.1",
      "resolved": "https://registry.npmjs.org/on-finished/-/on-finished-2.2.1.tgz",
      "integrity": "sha1-XIXBzDYpn3gCllP2Z/J7a5nrwCk=",
      "requires": {
        "ee-first": "1.1.0"
      }
    },
    "parseurl": {
      "version": "1.3.3",
      "resolved": "https://registry.npmjs.org/parseurl/-/parseurl-1.3.3.tgz",
      "integrity": "sha512-CiyeOxFT/JZyN5m0z9PfXw4SCBJ6Sygz1Dpl0wqjlhDEGGBP1GnsUVEL0p63hoG1fcj3fHynXi9NYO4nWOL+qQ=="
    },
    "path-to-regexp": {
      "version": "0.1.3",
      "resolved": "https://registry.npmjs.org/path-to-regexp/-/path-to-regexp-0.1.3.tgz",
      "integrity": "sha1-IbmrgidCed4lsVbqCP0SylG4rss="
    },
    "proxy-addr": {
      "version": "1.0.10",
      "resolved": "https://registry.npmjs.org/proxy-addr/-/proxy-addr-1.0.10.tgz",
      "integrity": "sha1-DUCoL4Afw1VWfS7LZe/j8HfxIcU=",
      "requires": {
        "forwarded": "~0.1.0",
        "ipaddr.js": "1.0.5"
      }
    },
    "qs": {
      "version": "2.3.3",
      "resolved": "https://registry.npmjs.org/qs/-/qs-2.3.3.tgz",
      "integrity": "sha1-6eha2+ddoLvkyOBHaghikPhjtAQ="
    },
    "range-parser": {
      "version": "1.0.3",
      "resolved": "https://registry.npmjs.org/range-parser/-/range-parser-1.0.3.tgz",
      "integrity": "sha1-aHKCNTXGkuLCoBA4Jq/YLC4P8XU="
    },
    "readline": {
      "version": "0.0.7",
      "resolved": "https://registry.npmjs.org/readline/-/readline-0.0.7.tgz",
      "integrity": "sha1-5B1Gyv4LJNrBMZhOAYSkSsXVJ6g="
    },
    "safe-buffer": {
      "version": "5.2.0",
      "resolved": "https://registry.npmjs.org/safe-buffer/-/safe-buffer-5.2.0.tgz",
      "integrity": "sha512-fZEwUGbVl7kouZs1jCdMLdt95hdIv0ZeHg6L7qPeciMZhZ+/gdesW4wgTARkrFWEpspjEATAzUGPG8N2jJiwbg=="
    },
    "send": {
      "version": "0.12.1",
      "resolved": "https://registry.npmjs.org/send/-/send-0.12.1.tgz",
      "integrity": "sha1-ZeLkMw6ua00Qgqkhv8jpyfF3azE=",
      "requires": {
        "debug": "~2.1.1",
        "depd": "~1.0.0",
        "destroy": "1.0.3",
        "escape-html": "1.0.1",
        "etag": "~1.5.1",
        "fresh": "0.2.4",
        "mime": "1.3.4",
        "ms": "0.7.0",
        "on-finished": "~2.2.0",
        "range-parser": "~1.0.2"
      },
      "dependencies": {
        "ms": {
          "version": "0.7.0",
          "resolved": "https://registry.npmjs.org/ms/-/ms-0.7.0.tgz",
          "integrity": "sha1-hlvpTC5zl62KV9pqYzpuLzB5i4M="
        }
      }
    },
    "serve-favicon": {
      "version": "2.2.0",
      "resolved": "https://registry.npmjs.org/serve-favicon/-/serve-favicon-2.2.0.tgz",
      "integrity": "sha1-oMJe6KZS4aY4pn20YmnNUqhwWFg=",
      "requires": {
        "etag": "~1.5.1",
        "fresh": "0.2.4",
        "ms": "0.7.0",
        "parseurl": "~1.3.0"
      },
      "dependencies": {
        "ms": {
          "version": "0.7.0",
          "resolved": "https://registry.npmjs.org/ms/-/ms-0.7.0.tgz",
          "integrity": "sha1-hlvpTC5zl62KV9pqYzpuLzB5i4M="
        }
      }
    },
    "serve-static": {
      "version": "1.9.3",
      "resolved": "https://registry.npmjs.org/serve-static/-/serve-static-1.9.3.tgz",
      "integrity": "sha1-X42gcyOtOF/z3FQfGnkXsuQ261c=",
      "requires": {
        "escape-html": "1.0.1",
        "parseurl": "~1.3.0",
        "send": "0.12.3",
        "utils-merge": "1.0.0"
      },
      "dependencies": {
        "debug": {
          "version": "2.2.0",
          "resolved": "https://registry.npmjs.org/debug/-/debug-2.2.0.tgz",
          "integrity": "sha1-+HBX6ZWxofauaklgZkE3vFbwOdo=",
          "requires": {
            "ms": "0.7.1"
          }
        },
        "etag": {
          "version": "1.6.0",
          "resolved": "https://registry.npmjs.org/etag/-/etag-1.6.0.tgz",
          "integrity": "sha1-i8ssavElTEgd/IuZfJBu9ORCwgc=",
          "requires": {
            "crc": "3.2.1"
          }
        },
        "ms": {
          "version": "0.7.1",
          "resolved": "https://registry.npmjs.org/ms/-/ms-0.7.1.tgz",
          "integrity": "sha1-nNE8A62/8ltl7/3nzoZO6VIBcJg="
        },
        "send": {
          "version": "0.12.3",
          "resolved": "https://registry.npmjs.org/send/-/send-0.12.3.tgz",
          "integrity": "sha1-zRLcWP3iHk+RkCs5sv2gWnptm9w=",
          "requires": {
            "debug": "~2.2.0",
            "depd": "~1.0.1",
            "destroy": "1.0.3",
            "escape-html": "1.0.1",
            "etag": "~1.6.0",
            "fresh": "0.2.4",
            "mime": "1.3.4",
            "ms": "0.7.1",
            "on-finished": "~2.2.1",
            "range-parser": "~1.0.2"
          }
        }
      }
    },
    "sockjs": {
      "version": "0.3.15",
      "resolved": "https://registry.npmjs.org/sockjs/-/sockjs-0.3.15.tgz",
      "integrity": "sha1-4ZtXflng+9shoK5PRiA8okytjbg=",
      "requires": {
        "faye-websocket": "^0.9.3",
        "node-uuid": "^1.4.1"
      }
    },
    "strip-ansi": {
      "version": "2.0.1",
      "resolved": "https://registry.npmjs.org/strip-ansi/-/strip-ansi-2.0.1.tgz",
      "integrity": "sha1-32LBqpTtLxFOHQ8h/R1QSCt5pg4=",
      "requires": {
        "ansi-regex": "^1.0.0"
      }
    },
    "supports-color": {
      "version": "1.3.1",
      "resolved": "https://registry.npmjs.org/supports-color/-/supports-color-1.3.1.tgz",
      "integrity": "sha1-FXWN8J2P87SswwdTn6vicJXhBC0="
    },
    "type-is": {
      "version": "1.6.18",
      "resolved": "https://registry.npmjs.org/type-is/-/type-is-1.6.18.tgz",
      "integrity": "sha512-TkRKr9sUTxEH8MdfuCSP7VizJyzRNMjj2J2do2Jr3Kym598JVdEksuzPQCnlFPW4ky9Q+iA+ma9BGm06XQBy8g==",
      "requires": {
        "media-typer": "0.3.0",
        "mime-types": "~2.1.24"
      }
    },
    "underscore.string": {
      "version": "3.0.3",
      "resolved": "https://registry.npmjs.org/underscore.string/-/underscore.string-3.0.3.tgz",
      "integrity": "sha1-Rhe4waJQz25QZPu7Nj0PqWzxRVI="
    },
    "utils-merge": {
      "version": "1.0.0",
      "resolved": "https://registry.npmjs.org/utils-merge/-/utils-merge-1.0.0.tgz",
      "integrity": "sha1-ApT7kiu5N1FTVBxPcJYjHyh8ivg="
    },
    "vary": {
      "version": "1.0.1",
      "resolved": "https://registry.npmjs.org/vary/-/vary-1.0.1.tgz",
      "integrity": "sha1-meSYFWaihhGN+yuBc1ffeZM3bRA="
    },
    "websocket-driver": {
      "version": "0.7.3",
      "resolved": "https://registry.npmjs.org/websocket-driver/-/websocket-driver-0.7.3.tgz",
      "integrity": "sha512-bpxWlvbbB459Mlipc5GBzzZwhoZgGEZLuqPaR0INBGnPAY1vdBX6hPnoFXiw+3yWxDuHyQjO2oXTMyS8A5haFg==",
      "requires": {
        "http-parser-js": ">=0.4.0 <0.4.11",
        "safe-buffer": ">=5.1.0",
        "websocket-extensions": ">=0.1.1"
      }
    },
    "websocket-extensions": {
      "version": "0.1.3",
      "resolved": "https://registry.npmjs.org/websocket-extensions/-/websocket-extensions-0.1.3.tgz",
      "integrity": "sha512-nqHUnMXmBzT0w570r2JpJxfiSD1IzoI+HGVdd3aZ0yNi3ngvQ4jv1dtHt5VGxfI2yj5yqImPhOK4vmIh2xMbGg=="
    }
  }
}
